// !$*UTF8*$!
{
	archiveVersion = 1;
	classes = {
	};
	objectVersion = 46;
	objects = {

/* Begin PBXBuildFile section */
		2F3D87564AC7FDF900DB6ECA /* libPods.a in Frameworks */ = {isa = PBXBuildFile; fileRef = 50C0FA0D39AF23BCC99537C4 /* libPods.a */; };
		5A2331C01CC342D20018E93C /* Foundation.framework in Frameworks */ = {isa = PBXBuildFile; fileRef = 5AFCEC031CAF2C740016EDD1 /* Foundation.framework */; };
		5A23F78F1CB0675C002C0D40 /* kellyDrop.png in Resources */ = {isa = PBXBuildFile; fileRef = 5A23F7891CB0675C002C0D40 /* kellyDrop.png */; };
		5A23F7901CB0675C002C0D40 /* hillaryDrop.png in Resources */ = {isa = PBXBuildFile; fileRef = 5A23F78A1CB0675C002C0D40 /* hillaryDrop.png */; };
		5A2920631CBAA81500DE19AA /* idc.wav in Resources */ = {isa = PBXBuildFile; fileRef = 5A2920611CBAA81500DE19AA /* idc.wav */; };
		5A2920641CBAA81500DE19AA /* highlyInappropriate.wav in Resources */ = {isa = PBXBuildFile; fileRef = 5A2920621CBAA81500DE19AA /* highlyInappropriate.wav */; };
		5A2920661CBAB03800DE19AA /* wall1.wav in Resources */ = {isa = PBXBuildFile; fileRef = 5A2920651CBAB03700DE19AA /* wall1.wav */; };
		5A29206A1CBABB9A00DE19AA /* waterSound.mp3 in Resources */ = {isa = PBXBuildFile; fileRef = 5A2920691CBABB9A00DE19AA /* waterSound.mp3 */; };
		5A2D9C481CAF71FB00CEC37F /* emptyDrop.png in Resources */ = {isa = PBXBuildFile; fileRef = 5A2D9C471CAF71FB00CEC37F /* emptyDrop.png */; };
		5A3D6DC21CAF51750081F1D9 /* china2.wav in Resources */ = {isa = PBXBuildFile; fileRef = 5A3D6DC11CAF51750081F1D9 /* china2.wav */; };
		5A5D898E1CAD847800EFAA02 /* main.m in Sources */ = {isa = PBXBuildFile; fileRef = 5A5D898D1CAD847800EFAA02 /* main.m */; };
		5A5D89911CAD847800EFAA02 /* AppDelegate.m in Sources */ = {isa = PBXBuildFile; fileRef = 5A5D89901CAD847800EFAA02 /* AppDelegate.m */; };
		5A5D89941CAD847800EFAA02 /* ViewController.m in Sources */ = {isa = PBXBuildFile; fileRef = 5A5D89931CAD847800EFAA02 /* ViewController.m */; };
		5A5D89971CAD847900EFAA02 /* Main.storyboard in Resources */ = {isa = PBXBuildFile; fileRef = 5A5D89951CAD847900EFAA02 /* Main.storyboard */; };
		5A5D89991CAD847900EFAA02 /* Images.xcassets in Resources */ = {isa = PBXBuildFile; fileRef = 5A5D89981CAD847900EFAA02 /* Images.xcassets */; };
		5A5D899C1CAD847900EFAA02 /* LaunchScreen.xib in Resources */ = {isa = PBXBuildFile; fileRef = 5A5D899A1CAD847900EFAA02 /* LaunchScreen.xib */; };
		5A5D89A81CAD847900EFAA02 /* Rain_on_TrumpTests.m in Sources */ = {isa = PBXBuildFile; fileRef = 5A5D89A71CAD847900EFAA02 /* Rain_on_TrumpTests.m */; };
		5A5D89B41CAD87F600EFAA02 /* hillary1.jpg in Resources */ = {isa = PBXBuildFile; fileRef = 5A5D89B31CAD87F600EFAA02 /* hillary1.jpg */; };
		5A5D89B81CAD9FB200EFAA02 /* cloud1.png in Resources */ = {isa = PBXBuildFile; fileRef = 5A5D89B71CAD9FB200EFAA02 /* cloud1.png */; };
		5A5D89C21CAE094400EFAA02 /* grunt1.wav in Resources */ = {isa = PBXBuildFile; fileRef = 5A5D89C11CAE094400EFAA02 /* grunt1.wav */; };
		5A7344701CAF7AA40025D2C4 /* emptyDrop2.png in Resources */ = {isa = PBXBuildFile; fileRef = 5A73446F1CAF7AA40025D2C4 /* emptyDrop2.png */; };
		5A83D4671CB700B700C0EED5 /* drawing9-1.png in Resources */ = {isa = PBXBuildFile; fileRef = 5A83D4621CB700B700C0EED5 /* drawing9-1.png */; };
		5A83D4681CB700B700C0EED5 /* drawing8-1.png in Resources */ = {isa = PBXBuildFile; fileRef = 5A83D4631CB700B700C0EED5 /* drawing8-1.png */; };
		5A83D4691CB700B700C0EED5 /* drawing6-1.png in Resources */ = {isa = PBXBuildFile; fileRef = 5A83D4641CB700B700C0EED5 /* drawing6-1.png */; };
		5A83D46A1CB700B700C0EED5 /* drawing7-1.png in Resources */ = {isa = PBXBuildFile; fileRef = 5A83D4651CB700B700C0EED5 /* drawing7-1.png */; };
		5A83D46B1CB700B700C0EED5 /* drawing5-1.png in Resources */ = {isa = PBXBuildFile; fileRef = 5A83D4661CB700B700C0EED5 /* drawing5-1.png */; };
		5A93B10E1CCAFF0300B91EB8 /* cutGovtSpending.mp3 in Resources */ = {isa = PBXBuildFile; fileRef = 5A93B10D1CCAFF0300B91EB8 /* cutGovtSpending.mp3 */; };
		5A93B1101CCAFF5000B91EB8 /* outOfControl.mp3 in Resources */ = {isa = PBXBuildFile; fileRef = 5A93B10F1CCAFF5000B91EB8 /* outOfControl.mp3 */; };
		5A93B1121CCAFFA500B91EB8 /* imReallyRich.mp3 in Resources */ = {isa = PBXBuildFile; fileRef = 5A93B1111CCAFFA500B91EB8 /* imReallyRich.mp3 */; };
		5A93B1141CCAFFDD00B91EB8 /* itsGoingToEnd.mp3 in Resources */ = {isa = PBXBuildFile; fileRef = 5A93B1131CCAFFDD00B91EB8 /* itsGoingToEnd.mp3 */; };
		5A93B1161CCB161700B91EB8 /* trophy1.png in Resources */ = {isa = PBXBuildFile; fileRef = 5A93B1151CCB161700B91EB8 /* trophy1.png */; };
		5A93B1181CCB1EF000B91EB8 /* closeButton.png in Resources */ = {isa = PBXBuildFile; fileRef = 5A93B1171CCB1EF000B91EB8 /* closeButton.png */; };
		5A93B11A1CCB300200B91EB8 /* facebookIcon.png in Resources */ = {isa = PBXBuildFile; fileRef = 5A93B1191CCB300200B91EB8 /* facebookIcon.png */; };
		5AEF028D1CAECA6C00B88ACC /* grunt2.flac in Resources */ = {isa = PBXBuildFile; fileRef = 5AEF028C1CAECA6C00B88ACC /* grunt2.flac */; };
		5AEF028F1CAECC4600B88ACC /* grunt2.wav in Resources */ = {isa = PBXBuildFile; fileRef = 5AEF028E1CAECC4600B88ACC /* grunt2.wav */; };
		5AEF02911CAECE7D00B88ACC /* grunt2-2.wav in Resources */ = {isa = PBXBuildFile; fileRef = 5AEF02901CAECE7D00B88ACC /* grunt2-2.wav */; };
		5AEF02931CAED3D700B88ACC /* bigSoundFile.wav in Resources */ = {isa = PBXBuildFile; fileRef = 5AEF02921CAED3D700B88ACC /* bigSoundFile.wav */; };
		5AEF02951CAED47900B88ACC /* smallSound1.wav in Resources */ = {isa = PBXBuildFile; fileRef = 5AEF02941CAED47900B88ACC /* smallSound1.wav */; };
		5AEF02971CAED4BF00B88ACC /* smallSound2.wav in Resources */ = {isa = PBXBuildFile; fileRef = 5AEF02961CAED4BF00B88ACC /* smallSound2.wav */; };
		5AEF02991CAED53000B88ACC /* smallSound3.wav in Resources */ = {isa = PBXBuildFile; fileRef = 5AEF02981CAED53000B88ACC /* smallSound3.wav */; };
		5AEF029B1CAED71D00B88ACC /* smallSound4.wav in Resources */ = {isa = PBXBuildFile; fileRef = 5AEF029A1CAED71D00B88ACC /* smallSound4.wav */; };
		5AFCEBFE1CAF2C5D0016EDD1 /* iAd.framework in Frameworks */ = {isa = PBXBuildFile; fileRef = 5AFCEBFD1CAF2C5D0016EDD1 /* iAd.framework */; };
		5AFCEC001CAF2C680016EDD1 /* CoreGraphics.framework in Frameworks */ = {isa = PBXBuildFile; fileRef = 5AFCEBFF1CAF2C680016EDD1 /* CoreGraphics.framework */; };
		5AFCEC021CAF2C6C0016EDD1 /* UIKit.framework in Frameworks */ = {isa = PBXBuildFile; fileRef = 5AFCEC011CAF2C6C0016EDD1 /* UIKit.framework */; };
		5AFCEC061CAF47A90016EDD1 /* kelly1.jpg in Resources */ = {isa = PBXBuildFile; fileRef = 5AFCEC051CAF47A90016EDD1 /* kelly1.jpg */; };
		5AFCEC081CAF502A0016EDD1 /* china.wav in Resources */ = {isa = PBXBuildFile; fileRef = 5AFCEC071CAF502A0016EDD1 /* china.wav */; };
		5AFF4A311CC3225500B4AD94 /* AppIcon.appiconset in Resources */ = {isa = PBXBuildFile; fileRef = 5AFF4A301CC3225500B4AD94 /* AppIcon.appiconset */; };
		5AFF4A341CC3236400B4AD94 /* trumpNew2-neutral.png in Resources */ = {isa = PBXBuildFile; fileRef = 5AFF4A321CC3236300B4AD94 /* trumpNew2-neutral.png */; };
		5AFF4A351CC3236500B4AD94 /* trumpNew2-talking.png in Resources */ = {isa = PBXBuildFile; fileRef = 5AFF4A331CC3236400B4AD94 /* trumpNew2-talking.png */; };
		5AFF4A381CC32F4400B4AD94 /* china_.wav in Resources */ = {isa = PBXBuildFile; fileRef = 5AFF4A361CC32F4400B4AD94 /* china_.wav */; };
		5AFF4A391CC32F4400B4AD94 /* china4.wav in Resources */ = {isa = PBXBuildFile; fileRef = 5AFF4A371CC32F4400B4AD94 /* china4.wav */; };
/* End PBXBuildFile section */

/* Begin PBXContainerItemProxy section */
		5A5D89A21CAD847900EFAA02 /* PBXContainerItemProxy */ = {
			isa = PBXContainerItemProxy;
			containerPortal = 5A5D89801CAD847700EFAA02 /* Project object */;
			proxyType = 1;
			remoteGlobalIDString = 5A5D89871CAD847800EFAA02;
			remoteInfo = "Rain on Trump";
		};
/* End PBXContainerItemProxy section */

/* Begin PBXFileReference section */
		217409BFBC0F2468E05D4525 /* Pods.release.xcconfig */ = {isa = PBXFileReference; includeInIndex = 1; lastKnownFileType = text.xcconfig; name = Pods.release.xcconfig; path = "Pods/Target Support Files/Pods/Pods.release.xcconfig"; sourceTree = "<group>"; };
		50C0FA0D39AF23BCC99537C4 /* libPods.a */ = {isa = PBXFileReference; explicitFileType = archive.ar; includeInIndex = 0; path = libPods.a; sourceTree = BUILT_PRODUCTS_DIR; };
		5A23F7891CB0675C002C0D40 /* kellyDrop.png */ = {isa = PBXFileReference; lastKnownFileType = image.png; name = kellyDrop.png; path = ../../../Downloads/kellyDrop.png; sourceTree = "<group>"; };
		5A23F78A1CB0675C002C0D40 /* hillaryDrop.png */ = {isa = PBXFileReference; lastKnownFileType = image.png; name = hillaryDrop.png; path = ../../../Downloads/hillaryDrop.png; sourceTree = "<group>"; };
		5A2920611CBAA81500DE19AA /* idc.wav */ = {isa = PBXFileReference; lastKnownFileType = audio.wav; name = idc.wav; path = ../../../Downloads/idc.wav; sourceTree = "<group>"; };
		5A2920621CBAA81500DE19AA /* highlyInappropriate.wav */ = {isa = PBXFileReference; lastKnownFileType = audio.wav; name = highlyInappropriate.wav; path = ../../../Downloads/highlyInappropriate.wav; sourceTree = "<group>"; };
		5A2920651CBAB03700DE19AA /* wall1.wav */ = {isa = PBXFileReference; lastKnownFileType = audio.wav; name = wall1.wav; path = ../../../Downloads/wall1.wav; sourceTree = "<group>"; };
		5A2920691CBABB9A00DE19AA /* waterSound.mp3 */ = {isa = PBXFileReference; lastKnownFileType = audio.mp3; name = waterSound.mp3; path = ../../../Downloads/waterSound.mp3; sourceTree = "<group>"; };
		5A2D9C471CAF71FB00CEC37F /* emptyDrop.png */ = {isa = PBXFileReference; lastKnownFileType = image.png; name = emptyDrop.png; path = ../../../Downloads/emptyDrop.png; sourceTree = "<group>"; };
		5A3D6DC11CAF51750081F1D9 /* china2.wav */ = {isa = PBXFileReference; lastKnownFileType = audio.wav; name = china2.wav; path = ../../../Downloads/china2.wav; sourceTree = "<group>"; };
		5A5D89881CAD847800EFAA02 /* Rain on Trump.app */ = {isa = PBXFileReference; explicitFileType = wrapper.application; includeInIndex = 0; path = "Rain on Trump.app"; sourceTree = BUILT_PRODUCTS_DIR; };
		5A5D898C1CAD847800EFAA02 /* Info.plist */ = {isa = PBXFileReference; lastKnownFileType = text.plist.xml; path = Info.plist; sourceTree = "<group>"; };
		5A5D898D1CAD847800EFAA02 /* main.m */ = {isa = PBXFileReference; lastKnownFileType = sourcecode.c.objc; path = main.m; sourceTree = "<group>"; };
		5A5D898F1CAD847800EFAA02 /* AppDelegate.h */ = {isa = PBXFileReference; lastKnownFileType = sourcecode.c.h; path = AppDelegate.h; sourceTree = "<group>"; };
		5A5D89901CAD847800EFAA02 /* AppDelegate.m */ = {isa = PBXFileReference; lastKnownFileType = sourcecode.c.objc; path = AppDelegate.m; sourceTree = "<group>"; };
		5A5D89921CAD847800EFAA02 /* ViewController.h */ = {isa = PBXFileReference; lastKnownFileType = sourcecode.c.h; path = ViewController.h; sourceTree = "<group>"; };
		5A5D89931CAD847800EFAA02 /* ViewController.m */ = {isa = PBXFileReference; lastKnownFileType = sourcecode.c.objc; path = ViewController.m; sourceTree = "<group>"; };
		5A5D89961CAD847900EFAA02 /* Base */ = {isa = PBXFileReference; lastKnownFileType = file.storyboard; name = Base; path = Base.lproj/Main.storyboard; sourceTree = "<group>"; };
		5A5D89981CAD847900EFAA02 /* Images.xcassets */ = {isa = PBXFileReference; lastKnownFileType = folder.assetcatalog; path = Images.xcassets; sourceTree = "<group>"; };
		5A5D899B1CAD847900EFAA02 /* Base */ = {isa = PBXFileReference; lastKnownFileType = file.xib; name = Base; path = Base.lproj/LaunchScreen.xib; sourceTree = "<group>"; };
		5A5D89A11CAD847900EFAA02 /* Rain on TrumpTests.xctest */ = {isa = PBXFileReference; explicitFileType = wrapper.cfbundle; includeInIndex = 0; path = "Rain on TrumpTests.xctest"; sourceTree = BUILT_PRODUCTS_DIR; };
		5A5D89A61CAD847900EFAA02 /* Info.plist */ = {isa = PBXFileReference; lastKnownFileType = text.plist.xml; path = Info.plist; sourceTree = "<group>"; };
		5A5D89A71CAD847900EFAA02 /* Rain_on_TrumpTests.m */ = {isa = PBXFileReference; lastKnownFileType = sourcecode.c.objc; path = Rain_on_TrumpTests.m; sourceTree = "<group>"; };
		5A5D89B31CAD87F600EFAA02 /* hillary1.jpg */ = {isa = PBXFileReference; lastKnownFileType = image.jpeg; path = hillary1.jpg; sourceTree = "<group>"; };
		5A5D89B71CAD9FB200EFAA02 /* cloud1.png */ = {isa = PBXFileReference; lastKnownFileType = image.png; path = cloud1.png; sourceTree = "<group>"; };
		5A5D89C11CAE094400EFAA02 /* grunt1.wav */ = {isa = PBXFileReference; lastKnownFileType = audio.wav; path = grunt1.wav; sourceTree = "<group>"; };
		5A73446F1CAF7AA40025D2C4 /* emptyDrop2.png */ = {isa = PBXFileReference; lastKnownFileType = image.png; name = emptyDrop2.png; path = ../../../Downloads/emptyDrop2.png; sourceTree = "<group>"; };
		5A83D4621CB700B700C0EED5 /* drawing9-1.png */ = {isa = PBXFileReference; lastKnownFileType = image.png; name = "drawing9-1.png"; path = "../../../Downloads/drawing9-1.png"; sourceTree = "<group>"; };
		5A83D4631CB700B700C0EED5 /* drawing8-1.png */ = {isa = PBXFileReference; lastKnownFileType = image.png; name = "drawing8-1.png"; path = "../../../Downloads/drawing8-1.png"; sourceTree = "<group>"; };
		5A83D4641CB700B700C0EED5 /* drawing6-1.png */ = {isa = PBXFileReference; lastKnownFileType = image.png; name = "drawing6-1.png"; path = "../../../Downloads/drawing6-1.png"; sourceTree = "<group>"; };
		5A83D4651CB700B700C0EED5 /* drawing7-1.png */ = {isa = PBXFileReference; lastKnownFileType = image.png; name = "drawing7-1.png"; path = "../../../Downloads/drawing7-1.png"; sourceTree = "<group>"; };
		5A83D4661CB700B700C0EED5 /* drawing5-1.png */ = {isa = PBXFileReference; lastKnownFileType = image.png; name = "drawing5-1.png"; path = "../../../Downloads/drawing5-1.png"; sourceTree = "<group>"; };
		5A93B10D1CCAFF0300B91EB8 /* cutGovtSpending.mp3 */ = {isa = PBXFileReference; lastKnownFileType = audio.mp3; path = cutGovtSpending.mp3; sourceTree = "<group>"; };
		5A93B10F1CCAFF5000B91EB8 /* outOfControl.mp3 */ = {isa = PBXFileReference; lastKnownFileType = audio.mp3; path = outOfControl.mp3; sourceTree = "<group>"; };
		5A93B1111CCAFFA500B91EB8 /* imReallyRich.mp3 */ = {isa = PBXFileReference; lastKnownFileType = audio.mp3; path = imReallyRich.mp3; sourceTree = "<group>"; };
		5A93B1131CCAFFDD00B91EB8 /* itsGoingToEnd.mp3 */ = {isa = PBXFileReference; lastKnownFileType = audio.mp3; path = itsGoingToEnd.mp3; sourceTree = "<group>"; };
		5A93B1151CCB161700B91EB8 /* trophy1.png */ = {isa = PBXFileReference; lastKnownFileType = image.png; path = trophy1.png; sourceTree = "<group>"; };
		5A93B1171CCB1EF000B91EB8 /* closeButton.png */ = {isa = PBXFileReference; lastKnownFileType = image.png; path = closeButton.png; sourceTree = "<group>"; };
		5A93B1191CCB300200B91EB8 /* facebookIcon.png */ = {isa = PBXFileReference; lastKnownFileType = image.png; path = facebookIcon.png; sourceTree = "<group>"; };
		5AEF028C1CAECA6C00B88ACC /* grunt2.flac */ = {isa = PBXFileReference; lastKnownFileType = file; path = grunt2.flac; sourceTree = "<group>"; };
		5AEF028E1CAECC4600B88ACC /* grunt2.wav */ = {isa = PBXFileReference; lastKnownFileType = audio.wav; path = grunt2.wav; sourceTree = "<group>"; };
		5AEF02901CAECE7D00B88ACC /* grunt2-2.wav */ = {isa = PBXFileReference; lastKnownFileType = audio.wav; path = "grunt2-2.wav"; sourceTree = "<group>"; };
		5AEF02921CAED3D700B88ACC /* bigSoundFile.wav */ = {isa = PBXFileReference; lastKnownFileType = audio.wav; path = bigSoundFile.wav; sourceTree = "<group>"; };
		5AEF02941CAED47900B88ACC /* smallSound1.wav */ = {isa = PBXFileReference; lastKnownFileType = audio.wav; path = smallSound1.wav; sourceTree = "<group>"; };
		5AEF02961CAED4BF00B88ACC /* smallSound2.wav */ = {isa = PBXFileReference; lastKnownFileType = audio.wav; path = smallSound2.wav; sourceTree = "<group>"; };
		5AEF02981CAED53000B88ACC /* smallSound3.wav */ = {isa = PBXFileReference; lastKnownFileType = audio.wav; path = smallSound3.wav; sourceTree = "<group>"; };
		5AEF029A1CAED71D00B88ACC /* smallSound4.wav */ = {isa = PBXFileReference; lastKnownFileType = audio.wav; path = smallSound4.wav; sourceTree = "<group>"; };
		5AFCEBFD1CAF2C5D0016EDD1 /* iAd.framework */ = {isa = PBXFileReference; lastKnownFileType = wrapper.framework; name = iAd.framework; path = System/Library/Frameworks/iAd.framework; sourceTree = SDKROOT; };
		5AFCEBFF1CAF2C680016EDD1 /* CoreGraphics.framework */ = {isa = PBXFileReference; lastKnownFileType = wrapper.framework; name = CoreGraphics.framework; path = System/Library/Frameworks/CoreGraphics.framework; sourceTree = SDKROOT; };
		5AFCEC011CAF2C6C0016EDD1 /* UIKit.framework */ = {isa = PBXFileReference; lastKnownFileType = wrapper.framework; name = UIKit.framework; path = System/Library/Frameworks/UIKit.framework; sourceTree = SDKROOT; };
		5AFCEC031CAF2C740016EDD1 /* Foundation.framework */ = {isa = PBXFileReference; lastKnownFileType = wrapper.framework; name = Foundation.framework; path = System/Library/Frameworks/Foundation.framework; sourceTree = SDKROOT; };
		5AFCEC051CAF47A90016EDD1 /* kelly1.jpg */ = {isa = PBXFileReference; lastKnownFileType = image.jpeg; name = kelly1.jpg; path = ../../kelly1.jpg; sourceTree = "<group>"; };
		5AFCEC071CAF502A0016EDD1 /* china.wav */ = {isa = PBXFileReference; lastKnownFileType = audio.wav; name = china.wav; path = ../../../Downloads/china.wav; sourceTree = "<group>"; };
		5AFF4A301CC3225500B4AD94 /* AppIcon.appiconset */ = {isa = PBXFileReference; lastKnownFileType = folder; name = AppIcon.appiconset; path = ../../Downloads/ios/AppIcon.appiconset; sourceTree = "<group>"; };
		5AFF4A321CC3236300B4AD94 /* trumpNew2-neutral.png */ = {isa = PBXFileReference; lastKnownFileType = image.png; name = "trumpNew2-neutral.png"; path = "../../../Downloads/trumpNew2-neutral.png"; sourceTree = "<group>"; };
		5AFF4A331CC3236400B4AD94 /* trumpNew2-talking.png */ = {isa = PBXFileReference; lastKnownFileType = image.png; name = "trumpNew2-talking.png"; path = "../../../Downloads/trumpNew2-talking.png"; sourceTree = "<group>"; };
		5AFF4A361CC32F4400B4AD94 /* china_.wav */ = {isa = PBXFileReference; lastKnownFileType = audio.wav; name = china_.wav; path = ../../../Downloads/china_.wav; sourceTree = "<group>"; };
		5AFF4A371CC32F4400B4AD94 /* china4.wav */ = {isa = PBXFileReference; lastKnownFileType = audio.wav; name = china4.wav; path = ../../../Downloads/china4.wav; sourceTree = "<group>"; };
		F277E7FB3EF7E8DBFD3E2DD9 /* Pods.debug.xcconfig */ = {isa = PBXFileReference; includeInIndex = 1; lastKnownFileType = text.xcconfig; name = Pods.debug.xcconfig; path = "Pods/Target Support Files/Pods/Pods.debug.xcconfig"; sourceTree = "<group>"; };
/* End PBXFileReference section */

/* Begin PBXFrameworksBuildPhase section */
		5A5D89851CAD847800EFAA02 /* Frameworks */ = {
			isa = PBXFrameworksBuildPhase;
			buildActionMask = 2147483647;
			files = (
				5A2331C01CC342D20018E93C /* Foundation.framework in Frameworks */,
				5AFCEC021CAF2C6C0016EDD1 /* UIKit.framework in Frameworks */,
				5AFCEC001CAF2C680016EDD1 /* CoreGraphics.framework in Frameworks */,
				5AFCEBFE1CAF2C5D0016EDD1 /* iAd.framework in Frameworks */,
				2F3D87564AC7FDF900DB6ECA /* libPods.a in Frameworks */,
			);
			runOnlyForDeploymentPostprocessing = 0;
		};
		5A5D899E1CAD847900EFAA02 /* Frameworks */ = {
			isa = PBXFrameworksBuildPhase;
			buildActionMask = 2147483647;
			files = (
			);
			runOnlyForDeploymentPostprocessing = 0;
		};
/* End PBXFrameworksBuildPhase section */

/* Begin PBXGroup section */
		40F12592BB845698D9DD2F3C /* Frameworks */ = {
			isa = PBXGroup;
			children = (
				50C0FA0D39AF23BCC99537C4 /* libPods.a */,
			);
			name = Frameworks;
			sourceTree = "<group>";
		};
		5A3D6DC31CAF66350081F1D9 /* sounds */ = {
			isa = PBXGroup;
			children = (
				5A2920651CBAB03700DE19AA /* wall1.wav */,
				5A2920621CBAA81500DE19AA /* highlyInappropriate.wav */,
				5A2920691CBABB9A00DE19AA /* waterSound.mp3 */,
				5A93B10D1CCAFF0300B91EB8 /* cutGovtSpending.mp3 */,
				5A93B1131CCAFFDD00B91EB8 /* itsGoingToEnd.mp3 */,
				5A93B1111CCAFFA500B91EB8 /* imReallyRich.mp3 */,
				5A93B10F1CCAFF5000B91EB8 /* outOfControl.mp3 */,
				5AEF02961CAED4BF00B88ACC /* smallSound2.wav */,
				5AEF02981CAED53000B88ACC /* smallSound3.wav */,
				5AEF028E1CAECC4600B88ACC /* grunt2.wav */,
				5AEF028C1CAECA6C00B88ACC /* grunt2.flac */,
				5AEF02901CAECE7D00B88ACC /* grunt2-2.wav */,
				5AEF02921CAED3D700B88ACC /* bigSoundFile.wav */,
				5A5D89C11CAE094400EFAA02 /* grunt1.wav */,
				5AFF4A371CC32F4400B4AD94 /* china4.wav */,
				5A3D6DC11CAF51750081F1D9 /* china2.wav */,
				5AFCEC071CAF502A0016EDD1 /* china.wav */,
				5AFF4A361CC32F4400B4AD94 /* china_.wav */,
				5A2920611CBAA81500DE19AA /* idc.wav */,
				5AEF029A1CAED71D00B88ACC /* smallSound4.wav */,
				5AEF02941CAED47900B88ACC /* smallSound1.wav */,
			);
			name = sounds;
			sourceTree = "<group>";
		};
		5A3D6DC51CAF667F0081F1D9 /* images */ = {
			isa = PBXGroup;
			children = (
				5A93B1191CCB300200B91EB8 /* facebookIcon.png */,
				5A93B1171CCB1EF000B91EB8 /* closeButton.png */,
				5A93B1151CCB161700B91EB8 /* trophy1.png */,
				5A23F7891CB0675C002C0D40 /* kellyDrop.png */,
				5A23F78A1CB0675C002C0D40 /* hillaryDrop.png */,
				5A73446F1CAF7AA40025D2C4 /* emptyDrop2.png */,
				5A2D9C471CAF71FB00CEC37F /* emptyDrop.png */,
				5AFCEC051CAF47A90016EDD1 /* kelly1.jpg */,
				5A5D89B31CAD87F600EFAA02 /* hillary1.jpg */,
				5A5D89B71CAD9FB200EFAA02 /* cloud1.png */,
			);
			name = images;
			sourceTree = "<group>";
		};
		5A5D897F1CAD847700EFAA02 = {
			isa = PBXGroup;
			children = (
				5AFF4A301CC3225500B4AD94 /* AppIcon.appiconset */,
				5AFCEC031CAF2C740016EDD1 /* Foundation.framework */,
				5AFCEC011CAF2C6C0016EDD1 /* UIKit.framework */,
				5AFCEBFF1CAF2C680016EDD1 /* CoreGraphics.framework */,
				5AFCEBFD1CAF2C5D0016EDD1 /* iAd.framework */,
				5A5D898A1CAD847800EFAA02 /* Rain on Trump */,
				5A5D89A41CAD847900EFAA02 /* Rain on TrumpTests */,
				5A5D89891CAD847800EFAA02 /* Products */,
				EC76DFADEA5B264518CB59DF /* Pods */,
				40F12592BB845698D9DD2F3C /* Frameworks */,
			);
			sourceTree = "<group>";
		};
		5A5D89891CAD847800EFAA02 /* Products */ = {
			isa = PBXGroup;
			children = (
				5A5D89881CAD847800EFAA02 /* Rain on Trump.app */,
				5A5D89A11CAD847900EFAA02 /* Rain on TrumpTests.xctest */,
			);
			name = Products;
			sourceTree = "<group>";
		};
		5A5D898A1CAD847800EFAA02 /* Rain on Trump */ = {
			isa = PBXGroup;
			children = (
				5AFF4A321CC3236300B4AD94 /* trumpNew2-neutral.png */,
				5AFF4A331CC3236400B4AD94 /* trumpNew2-talking.png */,
				5A5D898F1CAD847800EFAA02 /* AppDelegate.h */,
				5A5D89901CAD847800EFAA02 /* AppDelegate.m */,
				5A5D89921CAD847800EFAA02 /* ViewController.h */,
				5A5D89931CAD847800EFAA02 /* ViewController.m */,
				5A83D4621CB700B700C0EED5 /* drawing9-1.png */,
				5A83D4631CB700B700C0EED5 /* drawing8-1.png */,
				5A83D4641CB700B700C0EED5 /* drawing6-1.png */,
				5A83D4651CB700B700C0EED5 /* drawing7-1.png */,
				5A83D4661CB700B700C0EED5 /* drawing5-1.png */,
				5A5D89951CAD847900EFAA02 /* Main.storyboard */,
				5A3D6DC51CAF667F0081F1D9 /* images */,
				5A3D6DC31CAF66350081F1D9 /* sounds */,
				5A5D89981CAD847900EFAA02 /* Images.xcassets */,
				5A5D899A1CAD847900EFAA02 /* LaunchScreen.xib */,
				5A5D898B1CAD847800EFAA02 /* Supporting Files */,
			);
			path = "Rain on Trump";
			sourceTree = "<group>";
		};
		5A5D898B1CAD847800EFAA02 /* Supporting Files */ = {
			isa = PBXGroup;
			children = (
				5A5D898C1CAD847800EFAA02 /* Info.plist */,
				5A5D898D1CAD847800EFAA02 /* main.m */,
			);
			name = "Supporting Files";
			sourceTree = "<group>";
		};
		5A5D89A41CAD847900EFAA02 /* Rain on TrumpTests */ = {
			isa = PBXGroup;
			children = (
				5A5D89A71CAD847900EFAA02 /* Rain_on_TrumpTests.m */,
				5A5D89A51CAD847900EFAA02 /* Supporting Files */,
			);
			path = "Rain on TrumpTests";
			sourceTree = "<group>";
		};
		5A5D89A51CAD847900EFAA02 /* Supporting Files */ = {
			isa = PBXGroup;
			children = (
				5A5D89A61CAD847900EFAA02 /* Info.plist */,
			);
			name = "Supporting Files";
			sourceTree = "<group>";
		};
		EC76DFADEA5B264518CB59DF /* Pods */ = {
			isa = PBXGroup;
			children = (
				F277E7FB3EF7E8DBFD3E2DD9 /* Pods.debug.xcconfig */,
				217409BFBC0F2468E05D4525 /* Pods.release.xcconfig */,
			);
			name = Pods;
			sourceTree = "<group>";
		};
/* End PBXGroup section */

/* Begin PBXNativeTarget section */
		5A5D89871CAD847800EFAA02 /* Rain on Trump */ = {
			isa = PBXNativeTarget;
			buildConfigurationList = 5A5D89AB1CAD847900EFAA02 /* Build configuration list for PBXNativeTarget "Rain on Trump" */;
			buildPhases = (
				DA1EDEB813E9DCABC502DDED /* Check Pods Manifest.lock */,
				5A5D89841CAD847800EFAA02 /* Sources */,
				5A5D89851CAD847800EFAA02 /* Frameworks */,
				5A5D89861CAD847800EFAA02 /* Resources */,
				E220622C2893CD5AE3C55B72 /* Copy Pods Resources */,
			);
			buildRules = (
			);
			dependencies = (
			);
			name = "Rain on Trump";
			productName = "Rain on Trump";
			productReference = 5A5D89881CAD847800EFAA02 /* Rain on Trump.app */;
			productType = "com.apple.product-type.application";
		};
		5A5D89A01CAD847900EFAA02 /* Rain on TrumpTests */ = {
			isa = PBXNativeTarget;
			buildConfigurationList = 5A5D89AE1CAD847900EFAA02 /* Build configuration list for PBXNativeTarget "Rain on TrumpTests" */;
			buildPhases = (
				5A5D899D1CAD847900EFAA02 /* Sources */,
				5A5D899E1CAD847900EFAA02 /* Frameworks */,
				5A5D899F1CAD847900EFAA02 /* Resources */,
			);
			buildRules = (
			);
			dependencies = (
				5A5D89A31CAD847900EFAA02 /* PBXTargetDependency */,
			);
			name = "Rain on TrumpTests";
			productName = "Rain on TrumpTests";
			productReference = 5A5D89A11CAD847900EFAA02 /* Rain on TrumpTests.xctest */;
			productType = "com.apple.product-type.bundle.unit-test";
		};
/* End PBXNativeTarget section */

/* Begin PBXProject section */
		5A5D89801CAD847700EFAA02 /* Project object */ = {
			isa = PBXProject;
			attributes = {
				LastUpgradeCheck = 0720;
				ORGANIZATIONNAME = "Madelyn Nelson";
				TargetAttributes = {
					5A5D89871CAD847800EFAA02 = {
						CreatedOnToolsVersion = 6.4;
						DevelopmentTeam = 34TZ54QCUD;
					};
					5A5D89A01CAD847900EFAA02 = {
						CreatedOnToolsVersion = 6.4;
						TestTargetID = 5A5D89871CAD847800EFAA02;
					};
				};
			};
			buildConfigurationList = 5A5D89831CAD847700EFAA02 /* Build configuration list for PBXProject "Rain on Trump" */;
			compatibilityVersion = "Xcode 3.2";
			developmentRegion = English;
			hasScannedForEncodings = 0;
			knownRegions = (
				en,
				Base,
			);
			mainGroup = 5A5D897F1CAD847700EFAA02;
			productRefGroup = 5A5D89891CAD847800EFAA02 /* Products */;
			projectDirPath = "";
			projectRoot = "";
			targets = (
				5A5D89871CAD847800EFAA02 /* Rain on Trump */,
				5A5D89A01CAD847900EFAA02 /* Rain on TrumpTests */,
			);
		};
/* End PBXProject section */

/* Begin PBXResourcesBuildPhase section */
		5A5D89861CAD847800EFAA02 /* Resources */ = {
			isa = PBXResourcesBuildPhase;
			buildActionMask = 2147483647;
			files = (
				5A2920641CBAA81500DE19AA /* highlyInappropriate.wav in Resources */,
				5AFF4A341CC3236400B4AD94 /* trumpNew2-neutral.png in Resources */,
				5A29206A1CBABB9A00DE19AA /* waterSound.mp3 in Resources */,
				5A93B1101CCAFF5000B91EB8 /* outOfControl.mp3 in Resources */,
				5A5D89971CAD847900EFAA02 /* Main.storyboard in Resources */,
				5AEF029B1CAED71D00B88ACC /* smallSound4.wav in Resources */,
				5A93B1181CCB1EF000B91EB8 /* closeButton.png in Resources */,
				5A2920661CBAB03800DE19AA /* wall1.wav in Resources */,
				5A83D4671CB700B700C0EED5 /* drawing9-1.png in Resources */,
				5A93B1121CCAFFA500B91EB8 /* imReallyRich.mp3 in Resources */,
				5AFF4A311CC3225500B4AD94 /* AppIcon.appiconset in Resources */,
				5A5D89B81CAD9FB200EFAA02 /* cloud1.png in Resources */,
				5A5D899C1CAD847900EFAA02 /* LaunchScreen.xib in Resources */,
				5A3D6DC21CAF51750081F1D9 /* china2.wav in Resources */,
				5A23F7901CB0675C002C0D40 /* hillaryDrop.png in Resources */,
				5A83D46B1CB700B700C0EED5 /* drawing5-1.png in Resources */,
				5A2920631CBAA81500DE19AA /* idc.wav in Resources */,
				5A93B1141CCAFFDD00B91EB8 /* itsGoingToEnd.mp3 in Resources */,
				5A5D89C21CAE094400EFAA02 /* grunt1.wav in Resources */,
				5A93B10E1CCAFF0300B91EB8 /* cutGovtSpending.mp3 in Resources */,
				5AEF02931CAED3D700B88ACC /* bigSoundFile.wav in Resources */,
				5AFCEC081CAF502A0016EDD1 /* china.wav in Resources */,
				5AEF02911CAECE7D00B88ACC /* grunt2-2.wav in Resources */,
				5AEF02951CAED47900B88ACC /* smallSound1.wav in Resources */,
				5AEF028D1CAECA6C00B88ACC /* grunt2.flac in Resources */,
				5A83D4681CB700B700C0EED5 /* drawing8-1.png in Resources */,
				5A83D4691CB700B700C0EED5 /* drawing6-1.png in Resources */,
				5A5D89B41CAD87F600EFAA02 /* hillary1.jpg in Resources */,
				5AFF4A351CC3236500B4AD94 /* trumpNew2-talking.png in Resources */,
				5A23F78F1CB0675C002C0D40 /* kellyDrop.png in Resources */,
				5AFCEC061CAF47A90016EDD1 /* kelly1.jpg in Resources */,
				5A5D89991CAD847900EFAA02 /* Images.xcassets in Resources */,
				5A93B11A1CCB300200B91EB8 /* facebookIcon.png in Resources */,
				5AEF02991CAED53000B88ACC /* smallSound3.wav in Resources */,
				5AFF4A381CC32F4400B4AD94 /* china_.wav in Resources */,
				5AFF4A391CC32F4400B4AD94 /* china4.wav in Resources */,
				5AEF028F1CAECC4600B88ACC /* grunt2.wav in Resources */,
				5A7344701CAF7AA40025D2C4 /* emptyDrop2.png in Resources */,
				5A83D46A1CB700B700C0EED5 /* drawing7-1.png in Resources */,
				5A93B1161CCB161700B91EB8 /* trophy1.png in Resources */,
				5A2D9C481CAF71FB00CEC37F /* emptyDrop.png in Resources */,
				5AEF02971CAED4BF00B88ACC /* smallSound2.wav in Resources */,
			);
			runOnlyForDeploymentPostprocessing = 0;
		};
		5A5D899F1CAD847900EFAA02 /* Resources */ = {
			isa = PBXResourcesBuildPhase;
			buildActionMask = 2147483647;
			files = (
			);
			runOnlyForDeploymentPostprocessing = 0;
		};
/* End PBXResourcesBuildPhase section */

/* Begin PBXShellScriptBuildPhase section */
		DA1EDEB813E9DCABC502DDED /* Check Pods Manifest.lock */ = {
			isa = PBXShellScriptBuildPhase;
			buildActionMask = 2147483647;
			files = (
			);
			inputPaths = (
			);
			name = "Check Pods Manifest.lock";
			outputPaths = (
			);
			runOnlyForDeploymentPostprocessing = 0;
			shellPath = /bin/sh;
			shellScript = "diff \"${PODS_ROOT}/../Podfile.lock\" \"${PODS_ROOT}/Manifest.lock\" > /dev/null\nif [[ $? != 0 ]] ; then\n    cat << EOM\nerror: The sandbox is not in sync with the Podfile.lock. Run 'pod install' or update your CocoaPods installation.\nEOM\n    exit 1\nfi\n";
			showEnvVarsInLog = 0;
		};
		E220622C2893CD5AE3C55B72 /* Copy Pods Resources */ = {
			isa = PBXShellScriptBuildPhase;
			buildActionMask = 2147483647;
			files = (
			);
			inputPaths = (
			);
			name = "Copy Pods Resources";
			outputPaths = (
			);
			runOnlyForDeploymentPostprocessing = 0;
			shellPath = /bin/sh;
			shellScript = "\"${SRCROOT}/Pods/Target Support Files/Pods/Pods-resources.sh\"\n";
			showEnvVarsInLog = 0;
		};
/* End PBXShellScriptBuildPhase section */

/* Begin PBXSourcesBuildPhase section */
		5A5D89841CAD847800EFAA02 /* Sources */ = {
			isa = PBXSourcesBuildPhase;
			buildActionMask = 2147483647;
			files = (
				5A5D89941CAD847800EFAA02 /* ViewController.m in Sources */,
				5A5D89911CAD847800EFAA02 /* AppDelegate.m in Sources */,
				5A5D898E1CAD847800EFAA02 /* main.m in Sources */,
			);
			runOnlyForDeploymentPostprocessing = 0;
		};
		5A5D899D1CAD847900EFAA02 /* Sources */ = {
			isa = PBXSourcesBuildPhase;
			buildActionMask = 2147483647;
			files = (
				5A5D89A81CAD847900EFAA02 /* Rain_on_TrumpTests.m in Sources */,
			);
			runOnlyForDeploymentPostprocessing = 0;
		};
/* End PBXSourcesBuildPhase section */

/* Begin PBXTargetDependency section */
		5A5D89A31CAD847900EFAA02 /* PBXTargetDependency */ = {
			isa = PBXTargetDependency;
			target = 5A5D89871CAD847800EFAA02 /* Rain on Trump */;
			targetProxy = 5A5D89A21CAD847900EFAA02 /* PBXContainerItemProxy */;
		};
/* End PBXTargetDependency section */

/* Begin PBXVariantGroup section */
		5A5D89951CAD847900EFAA02 /* Main.storyboard */ = {
			isa = PBXVariantGroup;
			children = (
				5A5D89961CAD847900EFAA02 /* Base */,
			);
			name = Main.storyboard;
			sourceTree = "<group>";
		};
		5A5D899A1CAD847900EFAA02 /* LaunchScreen.xib */ = {
			isa = PBXVariantGroup;
			children = (
				5A5D899B1CAD847900EFAA02 /* Base */,
			);
			name = LaunchScreen.xib;
			sourceTree = "<group>";
		};
/* End PBXVariantGroup section */

/* Begin XCBuildConfiguration section */
		5A5D89A91CAD847900EFAA02 /* Debug */ = {
			isa = XCBuildConfiguration;
			buildSettings = {
				ALWAYS_SEARCH_USER_PATHS = NO;
				CLANG_CXX_LANGUAGE_STANDARD = "gnu++0x";
				CLANG_CXX_LIBRARY = "libc++";
				CLANG_ENABLE_MODULES = YES;
				CLANG_ENABLE_OBJC_ARC = YES;
				CLANG_WARN_BOOL_CONVERSION = YES;
				CLANG_WARN_CONSTANT_CONVERSION = YES;
				CLANG_WARN_DIRECT_OBJC_ISA_USAGE = YES_ERROR;
				CLANG_WARN_EMPTY_BODY = YES;
				CLANG_WARN_ENUM_CONVERSION = YES;
				CLANG_WARN_INT_CONVERSION = YES;
				CLANG_WARN_OBJC_ROOT_CLASS = YES_ERROR;
				CLANG_WARN_UNREACHABLE_CODE = YES;
				CLANG_WARN__DUPLICATE_METHOD_MATCH = YES;
				"CODE_SIGN_IDENTITY[sdk=iphoneos*]" = "iPhone Developer";
				COPY_PHASE_STRIP = NO;
				DEBUG_INFORMATION_FORMAT = "dwarf-with-dsym";
				ENABLE_STRICT_OBJC_MSGSEND = YES;
				ENABLE_TESTABILITY = YES;
				"FRAMEWORK_SEARCH_PATHS[arch=*]" = $/Applications/Xcode.app/Contents/Developer/Platforms/iPhoneOS.platform/Developer/Library/Frameworks;
				GCC_C_LANGUAGE_STANDARD = gnu99;
				GCC_DYNAMIC_NO_PIC = NO;
				GCC_NO_COMMON_BLOCKS = YES;
				GCC_OPTIMIZATION_LEVEL = 0;
				GCC_PREPROCESSOR_DEFINITIONS = (
					"DEBUG=1",
					"$(inherited)",
				);
				GCC_SYMBOLS_PRIVATE_EXTERN = NO;
				GCC_WARN_64_TO_32_BIT_CONVERSION = YES;
				GCC_WARN_ABOUT_RETURN_TYPE = YES_ERROR;
				GCC_WARN_UNDECLARED_SELECTOR = YES;
				GCC_WARN_UNINITIALIZED_AUTOS = YES_AGGRESSIVE;
				GCC_WARN_UNUSED_FUNCTION = YES;
				GCC_WARN_UNUSED_VARIABLE = YES;
				IPHONEOS_DEPLOYMENT_TARGET = 8.4;
				MTL_ENABLE_DEBUG_INFO = YES;
				ONLY_ACTIVE_ARCH = YES;
				SDKROOT = iphoneos;
				TARGETED_DEVICE_FAMILY = "1,2";
			};
			name = Debug;
		};
		5A5D89AA1CAD847900EFAA02 /* Release */ = {
			isa = XCBuildConfiguration;
			buildSettings = {
				ALWAYS_SEARCH_USER_PATHS = NO;
				CLANG_CXX_LANGUAGE_STANDARD = "gnu++0x";
				CLANG_CXX_LIBRARY = "libc++";
				CLANG_ENABLE_MODULES = YES;
				CLANG_ENABLE_OBJC_ARC = YES;
				CLANG_WARN_BOOL_CONVERSION = YES;
				CLANG_WARN_CONSTANT_CONVERSION = YES;
				CLANG_WARN_DIRECT_OBJC_ISA_USAGE = YES_ERROR;
				CLANG_WARN_EMPTY_BODY = YES;
				CLANG_WARN_ENUM_CONVERSION = YES;
				CLANG_WARN_INT_CONVERSION = YES;
				CLANG_WARN_OBJC_ROOT_CLASS = YES_ERROR;
				CLANG_WARN_UNREACHABLE_CODE = YES;
				CLANG_WARN__DUPLICATE_METHOD_MATCH = YES;
				"CODE_SIGN_IDENTITY[sdk=iphoneos*]" = "iPhone Developer";
				COPY_PHASE_STRIP = NO;
				DEBUG_INFORMATION_FORMAT = "dwarf-with-dsym";
				ENABLE_NS_ASSERTIONS = NO;
				ENABLE_STRICT_OBJC_MSGSEND = YES;
				GCC_C_LANGUAGE_STANDARD = gnu99;
				GCC_NO_COMMON_BLOCKS = YES;
				GCC_WARN_64_TO_32_BIT_CONVERSION = YES;
				GCC_WARN_ABOUT_RETURN_TYPE = YES_ERROR;
				GCC_WARN_UNDECLARED_SELECTOR = YES;
				GCC_WARN_UNINITIALIZED_AUTOS = YES_AGGRESSIVE;
				GCC_WARN_UNUSED_FUNCTION = YES;
				GCC_WARN_UNUSED_VARIABLE = YES;
				IPHONEOS_DEPLOYMENT_TARGET = 8.4;
				MTL_ENABLE_DEBUG_INFO = NO;
				SDKROOT = iphoneos;
				TARGETED_DEVICE_FAMILY = "1,2";
				VALIDATE_PRODUCT = YES;
			};
			name = Release;
		};
		5A5D89AC1CAD847900EFAA02 /* Debug */ = {
			isa = XCBuildConfiguration;
			baseConfigurationReference = F277E7FB3EF7E8DBFD3E2DD9 /* Pods.debug.xcconfig */;
			buildSettings = {
				ASSETCATALOG_COMPILER_APPICON_NAME = "AppIcon-1";
				CODE_SIGN_IDENTITY = "iPhone Developer";
				INFOPLIST_FILE = "Rain on Trump/Info.plist";
				LD_RUNPATH_SEARCH_PATHS = "$(inherited) @executable_path/Frameworks";
				PRODUCT_BUNDLE_IDENTIFIER = "com.example.$(PRODUCT_NAME:rfc1034identifier)";
				PRODUCT_NAME = "$(TARGET_NAME)";
				TARGETED_DEVICE_FAMILY = 1;
			};
			name = Debug;
		};
		5A5D89AD1CAD847900EFAA02 /* Release */ = {
			isa = XCBuildConfiguration;
			baseConfigurationReference = 217409BFBC0F2468E05D4525 /* Pods.release.xcconfig */;
			buildSettings = {
				ASSETCATALOG_COMPILER_APPICON_NAME = "AppIcon-1";
				CODE_SIGN_IDENTITY = "iPhone Developer";
				INFOPLIST_FILE = "Rain on Trump/Info.plist";
				LD_RUNPATH_SEARCH_PATHS = "$(inherited) @executable_path/Frameworks";
				PRODUCT_BUNDLE_IDENTIFIER = "com.example.$(PRODUCT_NAME:rfc1034identifier)";
				PRODUCT_NAME = "$(TARGET_NAME)";
				TARGETED_DEVICE_FAMILY = 1;
			};
			name = Release;
		};
		5A5D89AF1CAD847900EFAA02 /* Debug */ = {
			isa = XCBuildConfiguration;
			buildSettings = {
				BUNDLE_LOADER = "$(TEST_HOST)";
				FRAMEWORK_SEARCH_PATHS = (
					"$(SDKROOT)/Developer/Library/Frameworks",
					"$(inherited)",
				);
				GCC_PREPROCESSOR_DEFINITIONS = (
					"DEBUG=1",
					"$(inherited)",
				);
				INFOPLIST_FILE = "Rain on TrumpTests/Info.plist";
				LD_RUNPATH_SEARCH_PATHS = "$(inherited) @executable_path/Frameworks @loader_path/Frameworks";
				PRODUCT_BUNDLE_IDENTIFIER = "com.example.$(PRODUCT_NAME:rfc1034identifier)";
				PRODUCT_NAME = "$(TARGET_NAME)";
				TEST_HOST = "$(BUILT_PRODUCTS_DIR)/Rain on Trump.app/Rain on Trump";
			};
			name = Debug;
		};
		5A5D89B01CAD847900EFAA02 /* Release */ = {
			isa = XCBuildConfiguration;
			buildSettings = {
				BUNDLE_LOADER = "$(TEST_HOST)";
				FRAMEWORK_SEARCH_PATHS = (
					"$(SDKROOT)/Developer/Library/Frameworks",
					"$(inherited)",
				);
				INFOPLIST_FILE = "Rain on TrumpTests/Info.plist";
				LD_RUNPATH_SEARCH_PATHS = "$(inherited) @executable_path/Frameworks @loader_path/Frameworks";
				PRODUCT_BUNDLE_IDENTIFIER = "com.example.$(PRODUCT_NAME:rfc1034identifier)";
				PRODUCT_NAME = "$(TARGET_NAME)";
				TEST_HOST = "$(BUILT_PRODUCTS_DIR)/Rain on Trump.app/Rain on Trump";
			};
			name = Release;
		};
/* End XCBuildConfiguration section */

/* Begin XCConfigurationList section */
		5A5D89831CAD847700EFAA02 /* Build configuration list for PBXProject "Rain on Trump" */ = {
			isa = XCConfigurationList;
			buildConfigurations = (
				5A5D89A91CAD847900EFAA02 /* Debug */,
				5A5D89AA1CAD847900EFAA02 /* Release */,
			);
			defaultConfigurationIsVisible = 0;
			defaultConfigurationName = Release;
		};
		5A5D89AB1CAD847900EFAA02 /* Build configuration list for PBXNativeTarget "Rain on Trump" */ = {
			isa = XCConfigurationList;
			buildConfigurations = (
				5A5D89AC1CAD847900EFAA02 /* Debug */,
				5A5D89AD1CAD847900EFAA02 /* Release */,
			);
			defaultConfigurationIsVisible = 0;
			defaultConfigurationName = Release;
		};
		5A5D89AE1CAD847900EFAA02 /* Build configuration list for PBXNativeTarget "Rain on TrumpTests" */ = {
			isa = XCConfigurationList;
			buildConfigurations = (
				5A5D89AF1CAD847900EFAA02 /* Debug */,
				5A5D89B01CAD847900EFAA02 /* Release */,
			);
			defaultConfigurationIsVisible = 0;
			defaultConfigurationName = Release;
		};
/* End XCConfigurationList section */
	};
	rootObject = 5A5D89801CAD847700EFAA02 /* Project object */;
}
